// !$*UTF8*$!
{
	archiveVersion = 1;
	classes = {
	};
	objectVersion = 50;
	objects = {

/* Begin PBXBuildFile section */
		06E4B1D82341A896009338C1 /* AppDelegate.swift in Sources */ = {isa = PBXBuildFile; fileRef = 06E4B1D72341A896009338C1 /* AppDelegate.swift */; };
		06E4B1DA2341A896009338C1 /* SceneDelegate.swift in Sources */ = {isa = PBXBuildFile; fileRef = 06E4B1D92341A896009338C1 /* SceneDelegate.swift */; };
		06E4B1DC2341A896009338C1 /* ContentView.swift in Sources */ = {isa = PBXBuildFile; fileRef = 06E4B1DB2341A896009338C1 /* ContentView.swift */; };
		06E4B1DE2341A897009338C1 /* Assets.xcassets in Resources */ = {isa = PBXBuildFile; fileRef = 06E4B1DD2341A897009338C1 /* Assets.xcassets */; };
		06E4B1E12341A897009338C1 /* Preview Assets.xcassets in Resources */ = {isa = PBXBuildFile; fileRef = 06E4B1E02341A897009338C1 /* Preview Assets.xcassets */; };
		06E4B1E42341A897009338C1 /* LaunchScreen.storyboard in Resources */ = {isa = PBXBuildFile; fileRef = 06E4B1E22341A897009338C1 /* LaunchScreen.storyboard */; };
		06E4B1EF2341A897009338C1 /* swiftui_practiceTests.swift in Sources */ = {isa = PBXBuildFile; fileRef = 06E4B1EE2341A897009338C1 /* swiftui_practiceTests.swift */; };
		06E4B1FA2341ACA0009338C1 /* CircleImage.swift in Sources */ = {isa = PBXBuildFile; fileRef = 06E4B1F92341ACA0009338C1 /* CircleImage.swift */; };
		06E4B1FC2341AD47009338C1 /* MapView.swift in Sources */ = {isa = PBXBuildFile; fileRef = 06E4B1FB2341AD47009338C1 /* MapView.swift */; };
/* End PBXBuildFile section */

/* Begin PBXContainerItemProxy section */
		06E4B1EB2341A897009338C1 /* PBXContainerItemProxy */ = {
			isa = PBXContainerItemProxy;
			containerPortal = 06E4B1CC2341A896009338C1 /* Project object */;
			proxyType = 1;
			remoteGlobalIDString = 06E4B1D32341A896009338C1;
			remoteInfo = "swiftui-practice";
		};
/* End PBXContainerItemProxy section */

/* Begin PBXFileReference section */
		06E4B1D42341A896009338C1 /* swiftui-practice.app */ = {isa = PBXFileReference; explicitFileType = wrapper.application; includeInIndex = 0; path = "swiftui-practice.app"; sourceTree = BUILT_PRODUCTS_DIR; };
		06E4B1D72341A896009338C1 /* AppDelegate.swift */ = {isa = PBXFileReference; lastKnownFileType = sourcecode.swift; path = AppDelegate.swift; sourceTree = "<group>"; };
		06E4B1D92341A896009338C1 /* SceneDelegate.swift */ = {isa = PBXFileReference; lastKnownFileType = sourcecode.swift; path = SceneDelegate.swift; sourceTree = "<group>"; };
		06E4B1DB2341A896009338C1 /* ContentView.swift */ = {isa = PBXFileReference; lastKnownFileType = sourcecode.swift; path = ContentView.swift; sourceTree = "<group>"; };
		06E4B1DD2341A897009338C1 /* Assets.xcassets */ = {isa = PBXFileReference; lastKnownFileType = folder.assetcatalog; path = Assets.xcassets; sourceTree = "<group>"; };
		06E4B1E02341A897009338C1 /* Preview Assets.xcassets */ = {isa = PBXFileReference; lastKnownFileType = folder.assetcatalog; path = "Preview Assets.xcassets"; sourceTree = "<group>"; };
		06E4B1E32341A897009338C1 /* Base */ = {isa = PBXFileReference; lastKnownFileType = file.storyboard; name = Base; path = Base.lproj/LaunchScreen.storyboard; sourceTree = "<group>"; };
		06E4B1E52341A897009338C1 /* Info.plist */ = {isa = PBXFileReference; lastKnownFileType = text.plist.xml; path = Info.plist; sourceTree = "<group>"; };
		06E4B1EA2341A897009338C1 /* swiftui-practiceTests.xctest */ = {isa = PBXFileReference; explicitFileType = wrapper.cfbundle; includeInIndex = 0; path = "swiftui-practiceTests.xctest"; sourceTree = BUILT_PRODUCTS_DIR; };
		06E4B1EE2341A897009338C1 /* swiftui_practiceTests.swift */ = {isa = PBXFileReference; lastKnownFileType = sourcecode.swift; path = swiftui_practiceTests.swift; sourceTree = "<group>"; };
		06E4B1F02341A897009338C1 /* Info.plist */ = {isa = PBXFileReference; lastKnownFileType = text.plist.xml; path = Info.plist; sourceTree = "<group>"; };
		06E4B1F92341ACA0009338C1 /* CircleImage.swift */ = {isa = PBXFileReference; lastKnownFileType = sourcecode.swift; path = CircleImage.swift; sourceTree = "<group>"; };
		06E4B1FB2341AD47009338C1 /* MapView.swift */ = {isa = PBXFileReference; lastKnownFileType = sourcecode.swift; path = MapView.swift; sourceTree = "<group>"; };
/* End PBXFileReference section */

/* Begin PBXFrameworksBuildPhase section */
		06E4B1D12341A896009338C1 /* Frameworks */ = {
			isa = PBXFrameworksBuildPhase;
			buildActionMask = 2147483647;
			files = (
			);
			runOnlyForDeploymentPostprocessing = 0;
		};
		06E4B1E72341A897009338C1 /* Frameworks */ = {
			isa = PBXFrameworksBuildPhase;
			buildActionMask = 2147483647;
			files = (
			);
			runOnlyForDeploymentPostprocessing = 0;
		};
/* End PBXFrameworksBuildPhase section */

/* Begin PBXGroup section */
		06E4B1CB2341A896009338C1 = {
			isa = PBXGroup;
			children = (
				06E4B1D62341A896009338C1 /* swiftui-practice */,
				06E4B1ED2341A897009338C1 /* swiftui-practiceTests */,
				06E4B1D52341A896009338C1 /* Products */,
			);
			sourceTree = "<group>";
		};
		06E4B1D52341A896009338C1 /* Products */ = {
			isa = PBXGroup;
			children = (
				06E4B1D42341A896009338C1 /* swiftui-practice.app */,
				06E4B1EA2341A897009338C1 /* swiftui-practiceTests.xctest */,
			);
			name = Products;
			sourceTree = "<group>";
		};
		06E4B1D62341A896009338C1 /* swiftui-practice */ = {
			isa = PBXGroup;
			children = (
				06E4B1D72341A896009338C1 /* AppDelegate.swift */,
				06E4B1D92341A896009338C1 /* SceneDelegate.swift */,
				06E4B1DB2341A896009338C1 /* ContentView.swift */,
				06E4B1F92341ACA0009338C1 /* CircleImage.swift */,
				06E4B1FB2341AD47009338C1 /* MapView.swift */,
				06E4B1DD2341A897009338C1 /* Assets.xcassets */,
				06E4B1E22341A897009338C1 /* LaunchScreen.storyboard */,
				06E4B1E52341A897009338C1 /* Info.plist */,
				06E4B1DF2341A897009338C1 /* Preview Content */,
			);
			path = "swiftui-practice";
			sourceTree = "<group>";
		};
		06E4B1DF2341A897009338C1 /* Preview Content */ = {
			isa = PBXGroup;
			children = (
				06E4B1E02341A897009338C1 /* Preview Assets.xcassets */,
			);
			path = "Preview Content";
			sourceTree = "<group>";
		};
		06E4B1ED2341A897009338C1 /* swiftui-practiceTests */ = {
			isa = PBXGroup;
			children = (
				06E4B1EE2341A897009338C1 /* swiftui_practiceTests.swift */,
				06E4B1F02341A897009338C1 /* Info.plist */,
			);
			path = "swiftui-practiceTests";
			sourceTree = "<group>";
		};
/* End PBXGroup section */

/* Begin PBXNativeTarget section */
		06E4B1D32341A896009338C1 /* swiftui-practice */ = {
			isa = PBXNativeTarget;
			buildConfigurationList = 06E4B1F32341A897009338C1 /* Build configuration list for PBXNativeTarget "swiftui-practice" */;
			buildPhases = (
				06E4B1D02341A896009338C1 /* Sources */,
				06E4B1D12341A896009338C1 /* Frameworks */,
				06E4B1D22341A896009338C1 /* Resources */,
			);
			buildRules = (
			);
			dependencies = (
			);
			name = "swiftui-practice";
			productName = "swiftui-practice";
			productReference = 06E4B1D42341A896009338C1 /* swiftui-practice.app */;
			productType = "com.apple.product-type.application";
		};
		06E4B1E92341A897009338C1 /* swiftui-practiceTests */ = {
			isa = PBXNativeTarget;
			buildConfigurationList = 06E4B1F62341A897009338C1 /* Build configuration list for PBXNativeTarget "swiftui-practiceTests" */;
			buildPhases = (
				06E4B1E62341A897009338C1 /* Sources */,
				06E4B1E72341A897009338C1 /* Frameworks */,
				06E4B1E82341A897009338C1 /* Resources */,
			);
			buildRules = (
			);
			dependencies = (
				06E4B1EC2341A897009338C1 /* PBXTargetDependency */,
			);
			name = "swiftui-practiceTests";
			productName = "swiftui-practiceTests";
			productReference = 06E4B1EA2341A897009338C1 /* swiftui-practiceTests.xctest */;
			productType = "com.apple.product-type.bundle.unit-test";
		};
/* End PBXNativeTarget section */

/* Begin PBXProject section */
		06E4B1CC2341A896009338C1 /* Project object */ = {
			isa = PBXProject;
			attributes = {
				LastSwiftUpdateCheck = 1100;
				LastUpgradeCheck = 1100;
				ORGANIZATIONNAME = KokiHirokawa;
				TargetAttributes = {
					06E4B1D32341A896009338C1 = {
						CreatedOnToolsVersion = 11.0;
					};
					06E4B1E92341A897009338C1 = {
						CreatedOnToolsVersion = 11.0;
						TestTargetID = 06E4B1D32341A896009338C1;
					};
				};
			};
			buildConfigurationList = 06E4B1CF2341A896009338C1 /* Build configuration list for PBXProject "swiftui-practice" */;
			compatibilityVersion = "Xcode 9.3";
			developmentRegion = en;
			hasScannedForEncodings = 0;
			knownRegions = (
				en,
				Base,
			);
			mainGroup = 06E4B1CB2341A896009338C1;
			productRefGroup = 06E4B1D52341A896009338C1 /* Products */;
			projectDirPath = "";
			projectRoot = "";
			targets = (
				06E4B1D32341A896009338C1 /* swiftui-practice */,
				06E4B1E92341A897009338C1 /* swiftui-practiceTests */,
			);
		};
/* End PBXProject section */

/* Begin PBXResourcesBuildPhase section */
		06E4B1D22341A896009338C1 /* Resources */ = {
			isa = PBXResourcesBuildPhase;
			buildActionMask = 2147483647;
			files = (
				06E4B1E42341A897009338C1 /* LaunchScreen.storyboard in Resources */,
				06E4B1E12341A897009338C1 /* Preview Assets.xcassets in Resources */,
				06E4B1DE2341A897009338C1 /* Assets.xcassets in Resources */,
			);
			runOnlyForDeploymentPostprocessing = 0;
		};
		06E4B1E82341A897009338C1 /* Resources */ = {
			isa = PBXResourcesBuildPhase;
			buildActionMask = 2147483647;
			files = (
			);
			runOnlyForDeploymentPostprocessing = 0;
		};
/* End PBXResourcesBuildPhase section */

/* Begin PBXSourcesBuildPhase section */
		06E4B1D02341A896009338C1 /* Sources */ = {
			isa = PBXSourcesBuildPhase;
			buildActionMask = 2147483647;
			files = (
				06E4B1D82341A896009338C1 /* AppDelegate.swift in Sources */,
				06E4B1FA2341ACA0009338C1 /* CircleImage.swift in Sources */,
				06E4B1FC2341AD47009338C1 /* MapView.swift in Sources */,
				06E4B1DA2341A896009338C1 /* SceneDelegate.swift in Sources */,
				06E4B1DC2341A896009338C1 /* ContentView.swift in Sources */,
			);
			runOnlyForDeploymentPostprocessing = 0;
		};
		06E4B1E62341A897009338C1 /* Sources */ = {
			isa = PBXSourcesBuildPhase;
			buildActionMask = 2147483647;
			files = (
				06E4B1EF2341A897009338C1 /* swiftui_practiceTests.swift in Sources */,
			);
			runOnlyForDeploymentPostprocessing = 0;
		};
/* End PBXSourcesBuildPhase section */

/* Begin PBXTargetDependency section */
		06E4B1EC2341A897009338C1 /* PBXTargetDependency */ = {
			isa = PBXTargetDependency;
			target = 06E4B1D32341A896009338C1 /* swiftui-practice */;
			targetProxy = 06E4B1EB2341A897009338C1 /* PBXContainerItemProxy */;
		};
/* End PBXTargetDependency section */

/* Begin PBXVariantGroup section */
		06E4B1E22341A897009338C1 /* LaunchScreen.storyboard */ = {
			isa = PBXVariantGroup;
			children = (
				06E4B1E32341A897009338C1 /* Base */,
			);
			name = LaunchScreen.storyboard;
			sourceTree = "<group>";
		};
/* End PBXVariantGroup section */

/* Begin XCBuildConfiguration section */
		06E4B1F12341A897009338C1 /* Debug */ = {
			isa = XCBuildConfiguration;
			buildSettings = {
				ALWAYS_SEARCH_USER_PATHS = NO;
				CLANG_ANALYZER_NONNULL = YES;
				CLANG_ANALYZER_NUMBER_OBJECT_CONVERSION = YES_AGGRESSIVE;
				CLANG_CXX_LANGUAGE_STANDARD = "gnu++14";
				CLANG_CXX_LIBRARY = "libc++";
				CLANG_ENABLE_MODULES = YES;
				CLANG_ENABLE_OBJC_ARC = YES;
				CLANG_ENABLE_OBJC_WEAK = YES;
				CLANG_WARN_BLOCK_CAPTURE_AUTORELEASING = YES;
				CLANG_WARN_BOOL_CONVERSION = YES;
				CLANG_WARN_COMMA = YES;
				CLANG_WARN_CONSTANT_CONVERSION = YES;
				CLANG_WARN_DEPRECATED_OBJC_IMPLEMENTATIONS = YES;
				CLANG_WARN_DIRECT_OBJC_ISA_USAGE = YES_ERROR;
				CLANG_WARN_DOCUMENTATION_COMMENTS = YES;
				CLANG_WARN_EMPTY_BODY = YES;
				CLANG_WARN_ENUM_CONVERSION = YES;
				CLANG_WARN_INFINITE_RECURSION = YES;
				CLANG_WARN_INT_CONVERSION = YES;
				CLANG_WARN_NON_LITERAL_NULL_CONVERSION = YES;
				CLANG_WARN_OBJC_IMPLICIT_RETAIN_SELF = YES;
				CLANG_WARN_OBJC_LITERAL_CONVERSION = YES;
				CLANG_WARN_OBJC_ROOT_CLASS = YES_ERROR;
				CLANG_WARN_RANGE_LOOP_ANALYSIS = YES;
				CLANG_WARN_STRICT_PROTOTYPES = YES;
				CLANG_WARN_SUSPICIOUS_MOVE = YES;
				CLANG_WARN_UNGUARDED_AVAILABILITY = YES_AGGRESSIVE;
				CLANG_WARN_UNREACHABLE_CODE = YES;
				CLANG_WARN__DUPLICATE_METHOD_MATCH = YES;
				COPY_PHASE_STRIP = NO;
				DEBUG_INFORMATION_FORMAT = dwarf;
				ENABLE_STRICT_OBJC_MSGSEND = YES;
				ENABLE_TESTABILITY = YES;
				GCC_C_LANGUAGE_STANDARD = gnu11;
				GCC_DYNAMIC_NO_PIC = NO;
				GCC_NO_COMMON_BLOCKS = YES;
				GCC_OPTIMIZATION_LEVEL = 0;
				GCC_PREPROCESSOR_DEFINITIONS = (
					"DEBUG=1",
					"$(inherited)",
				);
				GCC_WARN_64_TO_32_BIT_CONVERSION = YES;
				GCC_WARN_ABOUT_RETURN_TYPE = YES_ERROR;
				GCC_WARN_UNDECLARED_SELECTOR = YES;
				GCC_WARN_UNINITIALIZED_AUTOS = YES_AGGRESSIVE;
				GCC_WARN_UNUSED_FUNCTION = YES;
				GCC_WARN_UNUSED_VARIABLE = YES;
				IPHONEOS_DEPLOYMENT_TARGET = 13.0;
				MTL_ENABLE_DEBUG_INFO = INCLUDE_SOURCE;
				MTL_FAST_MATH = YES;
				ONLY_ACTIVE_ARCH = YES;
				SDKROOT = iphoneos;
				SWIFT_ACTIVE_COMPILATION_CONDITIONS = DEBUG;
				SWIFT_OPTIMIZATION_LEVEL = "-Onone";
			};
			name = Debug;
		};
		06E4B1F22341A897009338C1 /* Release */ = {
			isa = XCBuildConfiguration;
			buildSettings = {
				ALWAYS_SEARCH_USER_PATHS = NO;
				CLANG_ANALYZER_NONNULL = YES;
				CLANG_ANALYZER_NUMBER_OBJECT_CONVERSION = YES_AGGRESSIVE;
				CLANG_CXX_LANGUAGE_STANDARD = "gnu++14";
				CLANG_CXX_LIBRARY = "libc++";
				CLANG_ENABLE_MODULES = YES;
				CLANG_ENABLE_OBJC_ARC = YES;
				CLANG_ENABLE_OBJC_WEAK = YES;
				CLANG_WARN_BLOCK_CAPTURE_AUTORELEASING = YES;
				CLANG_WARN_BOOL_CONVERSION = YES;
				CLANG_WARN_COMMA = YES;
				CLANG_WARN_CONSTANT_CONVERSION = YES;
				CLANG_WARN_DEPRECATED_OBJC_IMPLEMENTATIONS = YES;
				CLANG_WARN_DIRECT_OBJC_ISA_USAGE = YES_ERROR;
				CLANG_WARN_DOCUMENTATION_COMMENTS = YES;
				CLANG_WARN_EMPTY_BODY = YES;
				CLANG_WARN_ENUM_CONVERSION = YES;
				CLANG_WARN_INFINITE_RECURSION = YES;
				CLANG_WARN_INT_CONVERSION = YES;
				CLANG_WARN_NON_LITERAL_NULL_CONVERSION = YES;
				CLANG_WARN_OBJC_IMPLICIT_RETAIN_SELF = YES;
				CLANG_WARN_OBJC_LITERAL_CONVERSION = YES;
				CLANG_WARN_OBJC_ROOT_CLASS = YES_ERROR;
				CLANG_WARN_RANGE_LOOP_ANALYSIS = YES;
				CLANG_WARN_STRICT_PROTOTYPES = YES;
				CLANG_WARN_SUSPICIOUS_MOVE = YES;
				CLANG_WARN_UNGUARDED_AVAILABILITY = YES_AGGRESSIVE;
				CLANG_WARN_UNREACHABLE_CODE = YES;
				CLANG_WARN__DUPLICATE_METHOD_MATCH = YES;
				COPY_PHASE_STRIP = NO;
				DEBUG_INFORMATION_FORMAT = "dwarf-with-dsym";
				ENABLE_NS_ASSERTIONS = NO;
				ENABLE_STRICT_OBJC_MSGSEND = YES;
				GCC_C_LANGUAGE_STANDARD = gnu11;
				GCC_NO_COMMON_BLOCKS = YES;
				GCC_WARN_64_TO_32_BIT_CONVERSION = YES;
				GCC_WARN_ABOUT_RETURN_TYPE = YES_ERROR;
				GCC_WARN_UNDECLARED_SELECTOR = YES;
				GCC_WARN_UNINITIALIZED_AUTOS = YES_AGGRESSIVE;
				GCC_WARN_UNUSED_FUNCTION = YES;
				GCC_WARN_UNUSED_VARIABLE = YES;
				IPHONEOS_DEPLOYMENT_TARGET = 13.0;
				MTL_ENABLE_DEBUG_INFO = NO;
				MTL_FAST_MATH = YES;
				SDKROOT = iphoneos;
				SWIFT_COMPILATION_MODE = wholemodule;
				SWIFT_OPTIMIZATION_LEVEL = "-O";
				VALIDATE_PRODUCT = YES;
			};
			name = Release;
		};
		06E4B1F42341A897009338C1 /* Debug */ = {
			isa = XCBuildConfiguration;
			buildSettings = {
				ASSETCATALOG_COMPILER_APPICON_NAME = AppIcon;
				CODE_SIGN_STYLE = Automatic;
				DEVELOPMENT_ASSET_PATHS = "\"swiftui-practice/Preview Content\"";
				DEVELOPMENT_TEAM = WZN9ESEFF6;
				ENABLE_PREVIEWS = YES;
				INFOPLIST_FILE = "swiftui-practice/Info.plist";
				LD_RUNPATH_SEARCH_PATHS = (
					"$(inherited)",
					"@executable_path/Frameworks",
				);
				PRODUCT_BUNDLE_IDENTIFIER = "com.kitakitsune.swiftui-practice";
				PRODUCT_NAME = "$(TARGET_NAME)";
				SWIFT_VERSION = 5.0;
				TARGETED_DEVICE_FAMILY = "1,2";
			};
			name = Debug;
		};
		06E4B1F52341A897009338C1 /* Release */ = {
			isa = XCBuildConfiguration;
			buildSettings = {
				ASSETCATALOG_COMPILER_APPICON_NAME = AppIcon;
				CODE_SIGN_STYLE = Automatic;
				DEVELOPMENT_ASSET_PATHS = "\"swiftui-practice/Preview Content\"";
				DEVELOPMENT_TEAM = WZN9ESEFF6;
				ENABLE_PREVIEWS = YES;
				INFOPLIST_FILE = "swiftui-practice/Info.plist";
				LD_RUNPATH_SEARCH_PATHS = (
					"$(inherited)",
					"@executable_path/Frameworks",
				);
				PRODUCT_BUNDLE_IDENTIFIER = "com.kitakitsune.swiftui-practice";
				PRODUCT_NAME = "$(TARGET_NAME)";
				SWIFT_VERSION = 5.0;
				TARGETED_DEVICE_FAMILY = "1,2";
			};
			name = Release;
		};
		06E4B1F72341A897009338C1 /* Debug */ = {
			isa = XCBuildConfiguration;
			buildSettings = {
				ALWAYS_EMBED_SWIFT_STANDARD_LIBRARIES = YES;
				BUNDLE_LOADER = "$(TEST_HOST)";
				CODE_SIGN_STYLE = Automatic;
				DEVELOPMENT_TEAM = WZN9ESEFF6;
				INFOPLIST_FILE = "swiftui-practiceTests/Info.plist";
				IPHONEOS_DEPLOYMENT_TARGET = 13.0;
				LD_RUNPATH_SEARCH_PATHS = (
					"$(inherited)",
					"@executable_path/Frameworks",
					"@loader_path/Frameworks",
				);
				PRODUCT_BUNDLE_IDENTIFIER = "com.kitakitsune.swiftui-practiceTests";
				PRODUCT_NAME = "$(TARGET_NAME)";
				SWIFT_VERSION = 5.0;
				TARGETED_DEVICE_FAMILY = "1,2";
				TEST_HOST = "$(BUILT_PRODUCTS_DIR)/swiftui-practice.app/swiftui-practice";
			};
			name = Debug;
		};
		06E4B1F82341A897009338C1 /* Release */ = {
			isa = XCBuildConfiguration;
			buildSettings = {
				ALWAYS_EMBED_SWIFT_STANDARD_LIBRARIES = YES;
				BUNDLE_LOADER = "$(TEST_HOST)";
				CODE_SIGN_STYLE = Automatic;
				DEVELOPMENT_TEAM = WZN9ESEFF6;
				INFOPLIST_FILE = "swiftui-practiceTests/Info.plist";
				IPHONEOS_DEPLOYMENT_TARGET = 13.0;
				LD_RUNPATH_SEARCH_PATHS = (
					"$(inherited)",
					"@executable_path/Frameworks",
					"@loader_path/Frameworks",
				);
				PRODUCT_BUNDLE_IDENTIFIER = "com.kitakitsune.swiftui-practiceTests";
				PRODUCT_NAME = "$(TARGET_NAME)";
				SWIFT_VERSION = 5.0;
				TARGETED_DEVICE_FAMILY = "1,2";
				TEST_HOST = "$(BUILT_PRODUCTS_DIR)/swiftui-practice.app/swiftui-practice";
			};
			name = Release;
		};
/* End XCBuildConfiguration section */

/* Begin XCConfigurationList section */
		06E4B1CF2341A896009338C1 /* Build configuration list for PBXProject "swiftui-practice" */ = {
			isa = XCConfigurationList;
			buildConfigurations = (
				06E4B1F12341A897009338C1 /* Debug */,
				06E4B1F22341A897009338C1 /* Release */,
			);
			defaultConfigurationIsVisible = 0;
			defaultConfigurationName = Release;
		};
		06E4B1F32341A897009338C1 /* Build configuration list for PBXNativeTarget "swiftui-practice" */ = {
			isa = XCConfigurationList;
			buildConfigurations = (
				06E4B1F42341A897009338C1 /* Debug */,
				06E4B1F52341A897009338C1 /* Release */,
			);
			defaultConfigurationIsVisible = 0;
			defaultConfigurationName = Release;
		};
		06E4B1F62341A897009338C1 /* Build configuration list for PBXNativeTarget "swiftui-practiceTests" */ = {
			isa = XCConfigurationList;
			buildConfigurations = (
				06E4B1F72341A897009338C1 /* Debug */,
				06E4B1F82341A897009338C1 /* Release */,
			);
			defaultConfigurationIsVisible = 0;
			defaultConfigurationName = Release;
		};
/* End XCConfigurationList section */
	};
	rootObject = 06E4B1CC2341A896009338C1 /* Project object */;
}
